
Microsoft Visual Studio Solution File, Format Version 12.00
# Visual Studio Version 17
VisualStudioVersion = 17.4.33205.214
MinimumVisualStudioVersion = 10.0.40219.1
Project("{888888A0-9F3D-457C-B088-3A5042F75D52}") = "Jarjendid", "Jarjendid.pyproj", "{6AC06A5E-A17F-47A6-AAC6-699C500A3A13}"
EndProject
Global
	GlobalSection(SolutionConfigurationPlatforms) = preSolution
		Debug|Any CPU = Debug|Any CPU
		Release|Any CPU = Release|Any CPU
	EndGlobalSection
	GlobalSection(ProjectConfigurationPlatforms) = postSolution
		{6AC06A5E-A17F-47A6-AAC6-699C500A3A13}.Debug|Any CPU.ActiveCfg = Debug|Any CPU
		{6AC06A5E-A17F-47A6-AAC6-699C500A3A13}.Release|Any CPU.ActiveCfg = Release|Any CPU
	EndGlobalSection
	GlobalSection(SolutionProperties) = preSolution
		HideSolutionNode = FALSE
	EndGlobalSection
	GlobalSection(ExtensibilityGlobals) = postSolution
		SolutionGuid = {80405BA4-AE81-4F2B-B2BA-76D8B91725BD}
	EndGlobalSection
EndGlobal
